
Microsoft Visual Studio Solution File, Format Version 12.00
# Visual Studio Version 17
VisualStudioVersion = 17.1.31911.260
MinimumVisualStudioVersion = 10.0.40219.1
Project("{9A19103F-16F7-4668-BE54-9A1E7A4F7556}") = "RoadTime", "RoadTime.csproj", "{F643A980-EACF-4D18-9932-7B4E07BA1786}"
EndProject
Project("{2150E333-8FDC-42A3-9474-1A3956D46DE8}") = "Solution Items", "Solution Items", "{331A4DEF-0AF7-4258-92C6-203BCC72242F}"
	ProjectSection(SolutionItems) = preProject
		.editorconfig = .editorconfig
	EndProjectSection
EndProject
Global
	GlobalSection(SolutionConfigurationPlatforms) = preSolution
		Debug|Any CPU = Debug|Any CPU
		Release|Any CPU = Release|Any CPU
	EndGlobalSection
	GlobalSection(ProjectConfigurationPlatforms) = postSolution
		{F643A980-EACF-4D18-9932-7B4E07BA1786}.Debug|Any CPU.ActiveCfg = Debug|Any CPU
		{F643A980-EACF-4D18-9932-7B4E07BA1786}.Debug|Any CPU.Build.0 = Debug|Any CPU
		{F643A980-EACF-4D18-9932-7B4E07BA1786}.Release|Any CPU.ActiveCfg = Release|Any CPU
		{F643A980-EACF-4D18-9932-7B4E07BA1786}.Release|Any CPU.Build.0 = Release|Any CPU
	EndGlobalSection
	GlobalSection(SolutionProperties) = preSolution
		HideSolutionNode = FALSE
	EndGlobalSection
	GlobalSection(ExtensibilityGlobals) = postSolution
		SolutionGuid = {D6F0065F-3678-4A89-A0A8-322C03215444}
	EndGlobalSection
EndGlobal
